{
    "_meta": {
        "hash": {
            "sha256": "c0167b3e4f75576c852a22fe65f3394fabe09a9ebd5a0474a990cd949cb8aa09"
        },
        "pipfile-spec": 6,
        "requires": {
            "python_version": "3.9"
        },
        "sources": [
            {
                "name": "pypi",
                "url": "https://pypi.org/simple",
                "verify_ssl": true
            }
        ]
    },
    "default": {
        "asgiref": {
            "hashes": [
                "sha256:4ef1ab46b484e3c706329cedeff284a5d40824200638503f5768edb6de7d58e9",
                "sha256:ffc141aa908e6f175673e7b1b3b7af4fdb0ecb738fc5c8b88f69f055c2415214"
            ],
            "markers": "python_version >= '3.6'",
            "version": "==3.4.1"
        },
        "coverage": {
            "hashes": [
                "sha256:0c471fdc5b9db0229fb2477ac445a886c7a6d86029534e29f0dc65f517c8e704",
                "sha256:0fb10cafd85a931837be9d18420c80d16cbb13d1d9a78d78dee932af2dd55135",
                "sha256:0ff19756ee78fe2377eb5126a196fe84643f149f840ea7d74b4c08686f5484e4",
                "sha256:2987506781355303506660cb1917b0dcd02a76f7873db604a415aadb2193bd96",
                "sha256:34e1f49e25336840857c1c1593764342316d0b1ce5a8d74c314d4883468f9dfe",
                "sha256:422ab4cf66a7ed0c119ce8db64c99c6667eda53acaa63a4c178dbac4100f57b6",
                "sha256:42f65145acfbbac227b862fe509d0353861d70c455f91a14ace52fe378cdc085",
                "sha256:45ca96310fda694eb9ae1cdee0355cf66d2acc828678513b331172061289c17a",
                "sha256:49f3434739e443771171e4d6c0e7df12cc83d7f00beb7b5d6b3a655a873c51ab",
                "sha256:58e84430bf1b2904b96bcee9ba7f736fb7efb84f5bd7c7b5b3df54db12476360",
                "sha256:6130f0f95461fc46884ce73269fc72028e139359a0583a12f7510a45a081faa3",
                "sha256:68dce32c064d8597f91d5d12a7a91a92ce0a37d1a024108d25834bd0ea905e11",
                "sha256:6c0d8e633cec3ac7a32f676e8b777a56f0ba4a954aecb0634301fdb85c40a845",
                "sha256:71a8baf10a755c35b7015d524279ebec9b801bc46c821e344914be0ad6c73bfc",
                "sha256:749eaf8cf5d03695359ff08ea8d01ac42381069baf42d991a36ba30cc34da87a",
                "sha256:8476aa688efcc4521264f12e6e74c2587cd4623429c8f5aab613e0b46de41283",
                "sha256:870f8ea4bbc79bdd0dbcf7367f89ee4cfd3f278063a0e16bd78baa05c0541fc9",
                "sha256:9ac1d0cacaf12168d53bfcd390b69b9548919c6a5829cb1fd2f28f122ce5c83c",
                "sha256:9d01b0d67ab782efa3c940a8ea1fc3ccb7ca0fc24a187b6d772bf6a45e0efb2f",
                "sha256:9d4560814fc741f571eb99996e6ef0ba4cd70a8e3c2d98a526c1a2ce13a7e982",
                "sha256:9f5383bb5912817e05d1f411279b34d8bde518fe8dce6f3f53a8731dca4f133e",
                "sha256:a518d13a3cd905d89891123d765e15e61538849e2be0ee5f85ad2bdb3fd91cc9",
                "sha256:b10b845dbb809056c8c96c02a4d1644084fcb7c3d405d1262eb6dfaab89650b1",
                "sha256:be883832d1ddc827c742928f86b861b99ee38ae17cd3833172959d18ff437b6a",
                "sha256:cd585d280e1199290e8e0dca6b297e021cfbcade6759ad56146257a53b90c5b0",
                "sha256:dc5aec152c59f8db9c723e2f3c98d64b1ead814f0a9c2c4e0b998f0ae7338c30",
                "sha256:dd0e050a0dc5101dbf1e8f87d7362d65404f8b29d25f22eda0418bb7b31c6954",
                "sha256:ddc4e200767bdf76182a634fba47343e223492b74d33edc5cf680a50e14f6d09",
                "sha256:e32334063e661da80ebc1a720b829228e918d1f24b947afebbe84edcff157c39",
                "sha256:eca26715688fdb7ec73d316d89687ac9bf4cdd7df0ceb8b22a3a2928bf8e7ece",
                "sha256:ef73a4e074fb0b470eb64a552d460394630ccaab73b8a7b2f523514f7df2b805",
                "sha256:f122138bfc6d45bc1c770a9987ce28c89e874638e423d25dff5d40e66fc02878",
                "sha256:f6f14b05b5c0456eb6ab82b6acd937b8118eca14ec621bd1729ca33f251d9ea4",
                "sha256:fc333e8971e8be0a310e4398426ec2b643a3466092643ade1500bdf72a789e83"
            ],
            "index": "pypi",
            "version": "==6.1"
        },
        "django": {
            "hashes": [
                "sha256:42573831292029639b798fe4d3812996bfe4ff3275f04566da90764daec011a5",
                "sha256:f6d2c4069c9b9bfac03bedff927ea1f9e0d29e34525cec8a68fd28eb2a8df7af"
            ],
            "index": "pypi",
            "version": "==3.2.8"
        },
        "django-cors-headers": {
            "hashes": [
                "sha256:cba6e99659abb0e47cc4aaabb8fcde03f193e6bb3b92ba47c5185ec4cedc5d9e",
                "sha256:cd6f4360f5246569c149dc1c40c907c191f1ec45551e10d2a2e2e68512652f78"
            ],
            "index": "pypi",
            "version": "==3.10.0"
        },
        "django-filter": {
            "hashes": [
                "sha256:632a251fa8f1aadb4b8cceff932bb52fe2f826dd7dfe7f3eac40e5c463d6836e",
                "sha256:f4a6737a30104c98d2e2a5fb93043f36dd7978e0c7ddc92f5998e85433ea5063"
            ],
            "index": "pypi",
            "version": "==21.1"
        },
        "django-pygments": {
            "hashes": [
                "sha256:0210b517e19f3fd12856610fc3f6cf87dac359b211fa3009ff3ef78f2e2e61b8"
            ],
            "index": "pypi",
            "version": "==0.4"
        },
        "djangorestframework": {
            "hashes": [
                "sha256:6d1d59f623a5ad0509fe0d6bfe93cbdfe17b8116ebc8eda86d45f6e16e819aaf",
                "sha256:f747949a8ddac876e879190df194b925c177cdeb725a099db1460872f7c0a7f2"
            ],
            "index": "pypi",
            "version": "==3.12.4"
        },
        "markdown": {
            "hashes": [
                "sha256:31b5b491868dcc87d6c24b7e3d19a0d730d59d3e46f4eea6430a321bed387a49",
                "sha256:96c3ba1261de2f7547b46a00ea8463832c921d3f9d6aba3f255a6f71386db20c"
            ],
            "index": "pypi",
            "version": "==3.3.4"
        },
        "mysqlclient": {
            "hashes": [
                "sha256:0ac0dd759c4ca02c35a9fedc24bc982cf75171651e8187c2495ec957a87dfff7",
                "sha256:3381ca1a4f37ff1155fcfde20836b46416d66531add8843f6aa6d968982731c3",
                "sha256:71c4b330cf2313bbda0307fc858cc9055e64493ba9bf28454d25cf8b3ee8d7f5",
                "sha256:f6ebea7c008f155baeefe16c56cd3ee6239f7a5a9ae42396c2f1860f08a7c432",
                "sha256:fc575093cf81b6605bed84653e48b277318b880dc9becf42dd47fa11ffd3e2b6"
            ],
            "index": "pypi",
            "version": "==2.0.3"
        },
        "pillow": {
            "hashes": [
                "sha256:066f3999cb3b070a95c3652712cffa1a748cd02d60ad7b4e485c3748a04d9d76",
                "sha256:0a0956fdc5defc34462bb1c765ee88d933239f9a94bc37d132004775241a7585",
                "sha256:0b052a619a8bfcf26bd8b3f48f45283f9e977890263e4571f2393ed8898d331b",
                "sha256:1394a6ad5abc838c5cd8a92c5a07535648cdf6d09e8e2d6df916dfa9ea86ead8",
                "sha256:1bc723b434fbc4ab50bb68e11e93ce5fb69866ad621e3c2c9bdb0cd70e345f55",
                "sha256:244cf3b97802c34c41905d22810846802a3329ddcb93ccc432870243211c79fc",
                "sha256:25a49dc2e2f74e65efaa32b153527fc5ac98508d502fa46e74fa4fd678ed6645",
                "sha256:2e4440b8f00f504ee4b53fe30f4e381aae30b0568193be305256b1462216feff",
                "sha256:3862b7256046fcd950618ed22d1d60b842e3a40a48236a5498746f21189afbbc",
                "sha256:3eb1ce5f65908556c2d8685a8f0a6e989d887ec4057326f6c22b24e8a172c66b",
                "sha256:3f97cfb1e5a392d75dd8b9fd274d205404729923840ca94ca45a0af57e13dbe6",
                "sha256:493cb4e415f44cd601fcec11c99836f707bb714ab03f5ed46ac25713baf0ff20",
                "sha256:4acc0985ddf39d1bc969a9220b51d94ed51695d455c228d8ac29fcdb25810e6e",
                "sha256:5503c86916d27c2e101b7f71c2ae2cddba01a2cf55b8395b0255fd33fa4d1f1a",
                "sha256:5b7bb9de00197fb4261825c15551adf7605cf14a80badf1761d61e59da347779",
                "sha256:5e9ac5f66616b87d4da618a20ab0a38324dbe88d8a39b55be8964eb520021e02",
                "sha256:620582db2a85b2df5f8a82ddeb52116560d7e5e6b055095f04ad828d1b0baa39",
                "sha256:62cc1afda735a8d109007164714e73771b499768b9bb5afcbbee9d0ff374b43f",
                "sha256:70ad9e5c6cb9b8487280a02c0ad8a51581dcbbe8484ce058477692a27c151c0a",
                "sha256:72b9e656e340447f827885b8d7a15fc8c4e68d410dc2297ef6787eec0f0ea409",
                "sha256:72cbcfd54df6caf85cc35264c77ede902452d6df41166010262374155947460c",
                "sha256:792e5c12376594bfcb986ebf3855aa4b7c225754e9a9521298e460e92fb4a488",
                "sha256:7b7017b61bbcdd7f6363aeceb881e23c46583739cb69a3ab39cb384f6ec82e5b",
                "sha256:81f8d5c81e483a9442d72d182e1fb6dcb9723f289a57e8030811bac9ea3fef8d",
                "sha256:82aafa8d5eb68c8463b6e9baeb4f19043bb31fefc03eb7b216b51e6a9981ae09",
                "sha256:84c471a734240653a0ec91dec0996696eea227eafe72a33bd06c92697728046b",
                "sha256:8c803ac3c28bbc53763e6825746f05cc407b20e4a69d0122e526a582e3b5e153",
                "sha256:93ce9e955cc95959df98505e4608ad98281fff037350d8c2671c9aa86bcf10a9",
                "sha256:9a3e5ddc44c14042f0844b8cf7d2cd455f6cc80fd7f5eefbe657292cf601d9ad",
                "sha256:a4901622493f88b1a29bd30ec1a2f683782e57c3c16a2dbc7f2595ba01f639df",
                "sha256:a5a4532a12314149d8b4e4ad8ff09dde7427731fcfa5917ff16d0291f13609df",
                "sha256:b8831cb7332eda5dc89b21a7bce7ef6ad305548820595033a4b03cf3091235ed",
                "sha256:b8e2f83c56e141920c39464b852de3719dfbfb6e3c99a2d8da0edf4fb33176ed",
                "sha256:c70e94281588ef053ae8998039610dbd71bc509e4acbc77ab59d7d2937b10698",
                "sha256:c8a17b5d948f4ceeceb66384727dde11b240736fddeda54ca740b9b8b1556b29",
                "sha256:d82cdb63100ef5eedb8391732375e6d05993b765f72cb34311fab92103314649",
                "sha256:d89363f02658e253dbd171f7c3716a5d340a24ee82d38aab9183f7fdf0cdca49",
                "sha256:d99ec152570e4196772e7a8e4ba5320d2d27bf22fdf11743dd882936ed64305b",
                "sha256:ddc4d832a0f0b4c52fff973a0d44b6c99839a9d016fe4e6a1cb8f3eea96479c2",
                "sha256:e3dacecfbeec9a33e932f00c6cd7996e62f53ad46fbe677577394aaa90ee419a",
                "sha256:eb9fc393f3c61f9054e1ed26e6fe912c7321af2f41ff49d3f83d05bacf22cc78"
            ],
            "index": "pypi",
            "version": "==8.4.0"
        },
        "pygments": {
            "hashes": [
                "sha256:b8e67fe6af78f492b3c4b3e2970c0624cbf08beb1e493b2c99b9fa1b67a20380",
                "sha256:f398865f7eb6874156579fdf36bc840a03cab64d1cde9e93d68f46a425ec52c6"
            ],
            "markers": "python_version >= '3.5'",
            "version": "==2.10.0"
        },
        "pytz": {
            "hashes": [
                "sha256:3672058bc3453457b622aab7a1c3bfd5ab0bdae451512f6cf25f64ed37f5b87c",
                "sha256:acad2d8b20a1af07d4e4c9d2e9285c5ed9104354062f275f3fcd88dcef4f1326"
            ],
            "version": "==2021.3"
        },
        "sqlparse": {
            "hashes": [
                "sha256:0c00730c74263a94e5a9919ade150dfc3b19c574389985446148402998287dae",
                "sha256:48719e356bb8b42991bdbb1e8b83223757b93789c00910a616a071910ca4a64d"
            ],
            "markers": "python_version >= '3.5'",
            "version": "==0.4.2"
        }
    },
    "develop": {}
}
